
Microsoft Visual Studio Solution File, Format Version 12.00
# Visual Studio Version 17
VisualStudioVersion = 17.2.32210.308
MinimumVisualStudioVersion = 10.0.40219.1
Project("{9A19103F-16F7-4668-BE54-9A1E7A4F7556}") = "PortfolioProApi", "PortfolioProApi\PortfolioProApi.csproj", "{70A2D056-578D-43CB-9936-67DC1302571A}"
EndProject
Global
	GlobalSection(SolutionConfigurationPlatforms) = preSolution
		Debug|Any CPU = Debug|Any CPU
		Release|Any CPU = Release|Any CPU
	EndGlobalSection
	GlobalSection(ProjectConfigurationPlatforms) = postSolution
		{70A2D056-578D-43CB-9936-67DC1302571A}.Debug|Any CPU.ActiveCfg = Debug|Any CPU
		{70A2D056-578D-43CB-9936-67DC1302571A}.Debug|Any CPU.Build.0 = Debug|Any CPU
		{70A2D056-578D-43CB-9936-67DC1302571A}.Release|Any CPU.ActiveCfg = Release|Any CPU
		{70A2D056-578D-43CB-9936-67DC1302571A}.Release|Any CPU.Build.0 = Release|Any CPU
	EndGlobalSection
	GlobalSection(SolutionProperties) = preSolution
		HideSolutionNode = FALSE
	EndGlobalSection
	GlobalSection(ExtensibilityGlobals) = postSolution
		SolutionGuid = {523241CB-2153-4062-A4FD-73C201CD85BA}
	EndGlobalSection
EndGlobal
